// !$*UTF8*$!
{
	archiveVersion = 1;
	classes = {
	};
	objectVersion = 56;
	objects = {

/* Begin PBXBuildFile section */
		E20355162A2BB6620030D986 /* TrimMateApp.swift in Sources */ = {isa = PBXBuildFile; fileRef = E20355152A2BB6620030D986 /* TrimMateApp.swift */; };
		E20355182A2BB6620030D986 /* ContentView.swift in Sources */ = {isa = PBXBuildFile; fileRef = E20355172A2BB6620030D986 /* ContentView.swift */; };
		E203551A2A2BB6620030D986 /* Assets.xcassets in Resources */ = {isa = PBXBuildFile; fileRef = E20355192A2BB6620030D986 /* Assets.xcassets */; };
		E203551D2A2BB6620030D986 /* Preview Assets.xcassets in Resources */ = {isa = PBXBuildFile; fileRef = E203551C2A2BB6620030D986 /* Preview Assets.xcassets */; };
		E20355242A2BB77A0030D986 /* DataModel.swift in Sources */ = {isa = PBXBuildFile; fileRef = E20355232A2BB77A0030D986 /* DataModel.swift */; };
		E20355282A2BBB730030D986 /* OnboardingView.swift in Sources */ = {isa = PBXBuildFile; fileRef = E20355272A2BBB730030D986 /* OnboardingView.swift */; };
		E203552A2A2C90A40030D986 /* VievModel.swift in Sources */ = {isa = PBXBuildFile; fileRef = E20355292A2C90A40030D986 /* VievModel.swift */; };
/* End PBXBuildFile section */

/* Begin PBXFileReference section */
		E20355122A2BB6620030D986 /* TrimMate.app */ = {isa = PBXFileReference; explicitFileType = wrapper.application; includeInIndex = 0; path = TrimMate.app; sourceTree = BUILT_PRODUCTS_DIR; };
		E20355152A2BB6620030D986 /* TrimMateApp.swift */ = {isa = PBXFileReference; lastKnownFileType = sourcecode.swift; path = TrimMateApp.swift; sourceTree = "<group>"; };
		E20355172A2BB6620030D986 /* ContentView.swift */ = {isa = PBXFileReference; lastKnownFileType = sourcecode.swift; path = ContentView.swift; sourceTree = "<group>"; };
		E20355192A2BB6620030D986 /* Assets.xcassets */ = {isa = PBXFileReference; lastKnownFileType = folder.assetcatalog; path = Assets.xcassets; sourceTree = "<group>"; };
		E203551C2A2BB6620030D986 /* Preview Assets.xcassets */ = {isa = PBXFileReference; lastKnownFileType = folder.assetcatalog; path = "Preview Assets.xcassets"; sourceTree = "<group>"; };
		E20355232A2BB77A0030D986 /* DataModel.swift */ = {isa = PBXFileReference; lastKnownFileType = sourcecode.swift; path = DataModel.swift; sourceTree = "<group>"; };
		E20355272A2BBB730030D986 /* OnboardingView.swift */ = {isa = PBXFileReference; lastKnownFileType = sourcecode.swift; path = OnboardingView.swift; sourceTree = "<group>"; };
		E20355292A2C90A40030D986 /* VievModel.swift */ = {isa = PBXFileReference; lastKnownFileType = sourcecode.swift; path = VievModel.swift; sourceTree = "<group>"; };
/* End PBXFileReference section */

/* Begin PBXFrameworksBuildPhase section */
		E203550F2A2BB6620030D986 /* Frameworks */ = {
			isa = PBXFrameworksBuildPhase;
			buildActionMask = 2147483647;
			files = (
			);
			runOnlyForDeploymentPostprocessing = 0;
		};
/* End PBXFrameworksBuildPhase section */

/* Begin PBXGroup section */
		E20355092A2BB6620030D986 = {
			isa = PBXGroup;
			children = (
				E20355292A2C90A40030D986 /* VievModel.swift */,
				E20355262A2BB7A60030D986 /* Viev */,
				E20355252A2BB7850030D986 /* Model */,
				E20355142A2BB6620030D986 /* TrimMate */,
				E20355132A2BB6620030D986 /* Products */,
			);
			sourceTree = "<group>";
		};
		E20355132A2BB6620030D986 /* Products */ = {
			isa = PBXGroup;
			children = (
				E20355122A2BB6620030D986 /* TrimMate.app */,
			);
			name = Products;
			sourceTree = "<group>";
		};
		E20355142A2BB6620030D986 /* TrimMate */ = {
			isa = PBXGroup;
			children = (
				E20355152A2BB6620030D986 /* TrimMateApp.swift */,
				E203551B2A2BB6620030D986 /* Preview Content */,
			);
			path = TrimMate;
			sourceTree = "<group>";
		};
		E203551B2A2BB6620030D986 /* Preview Content */ = {
			isa = PBXGroup;
			children = (
				E20355192A2BB6620030D986 /* Assets.xcassets */,
				E203551C2A2BB6620030D986 /* Preview Assets.xcassets */,
			);
			path = "Preview Content";
			sourceTree = "<group>";
		};
		E20355252A2BB7850030D986 /* Model */ = {
			isa = PBXGroup;
			children = (
				E20355232A2BB77A0030D986 /* DataModel.swift */,
			);
			path = Model;
			sourceTree = "<group>";
		};
		E20355262A2BB7A60030D986 /* Viev */ = {
			isa = PBXGroup;
			children = (
				E20355172A2BB6620030D986 /* ContentView.swift */,
				E20355272A2BBB730030D986 /* OnboardingView.swift */,
			);
			path = Viev;
			sourceTree = "<group>";
		};
/* End PBXGroup section */

/* Begin PBXNativeTarget section */
		E20355112A2BB6620030D986 /* TrimMate */ = {
			isa = PBXNativeTarget;
			buildConfigurationList = E20355202A2BB6620030D986 /* Build configuration list for PBXNativeTarget "TrimMate" */;
			buildPhases = (
				E203550E2A2BB6620030D986 /* Sources */,
				E203550F2A2BB6620030D986 /* Frameworks */,
				E20355102A2BB6620030D986 /* Resources */,
			);
			buildRules = (
			);
			dependencies = (
			);
			name = TrimMate;
			productName = TrimMate;
			productReference = E20355122A2BB6620030D986 /* TrimMate.app */;
			productType = "com.apple.product-type.application";
		};
/* End PBXNativeTarget section */

/* Begin PBXProject section */
		E203550A2A2BB6620030D986 /* Project object */ = {
			isa = PBXProject;
			attributes = {
				BuildIndependentTargetsInParallel = 1;
				LastSwiftUpdateCheck = 1430;
				LastUpgradeCheck = 1430;
				TargetAttributes = {
					E20355112A2BB6620030D986 = {
						CreatedOnToolsVersion = 14.3;
					};
				};
			};
			buildConfigurationList = E203550D2A2BB6620030D986 /* Build configuration list for PBXProject "TrimMate" */;
			compatibilityVersion = "Xcode 14.0";
			developmentRegion = en;
			hasScannedForEncodings = 0;
			knownRegions = (
				en,
				Base,
			);
			mainGroup = E20355092A2BB6620030D986;
			productRefGroup = E20355132A2BB6620030D986 /* Products */;
			projectDirPath = "";
			projectRoot = "";
			targets = (
				E20355112A2BB6620030D986 /* TrimMate */,
			);
		};
/* End PBXProject section */

/* Begin PBXResourcesBuildPhase section */
		E20355102A2BB6620030D986 /* Resources */ = {
			isa = PBXResourcesBuildPhase;
			buildActionMask = 2147483647;
			files = (
				E203551D2A2BB6620030D986 /* Preview Assets.xcassets in Resources */,
				E203551A2A2BB6620030D986 /* Assets.xcassets in Resources */,
			);
			runOnlyForDeploymentPostprocessing = 0;
		};
/* End PBXResourcesBuildPhase section */

/* Begin PBXSourcesBuildPhase section */
		E203550E2A2BB6620030D986 /* Sources */ = {
			isa = PBXSourcesBuildPhase;
			buildActionMask = 2147483647;
			files = (
				E20355182A2BB6620030D986 /* ContentView.swift in Sources */,
				E20355282A2BBB730030D986 /* OnboardingView.swift in Sources */,
				E20355162A2BB6620030D986 /* TrimMateApp.swift in Sources */,
				E20355242A2BB77A0030D986 /* DataModel.swift in Sources */,
				E203552A2A2C90A40030D986 /* VievModel.swift in Sources */,
			);
			runOnlyForDeploymentPostprocessing = 0;
		};
/* End PBXSourcesBuildPhase section */

/* Begin XCBuildConfiguration section */
		E203551E2A2BB6620030D986 /* Debug */ = {
			isa = XCBuildConfiguration;
			buildSettings = {
				ALWAYS_SEARCH_USER_PATHS = NO;
				CLANG_ANALYZER_NONNULL = YES;
				CLANG_ANALYZER_NUMBER_OBJECT_CONVERSION = YES_AGGRESSIVE;
				CLANG_CXX_LANGUAGE_STANDARD = "gnu++20";
				CLANG_ENABLE_MODULES = YES;
				CLANG_ENABLE_OBJC_ARC = YES;
				CLANG_ENABLE_OBJC_WEAK = YES;
				CLANG_WARN_BLOCK_CAPTURE_AUTORELEASING = YES;
				CLANG_WARN_BOOL_CONVERSION = YES;
				CLANG_WARN_COMMA = YES;
				CLANG_WARN_CONSTANT_CONVERSION = YES;
				CLANG_WARN_DEPRECATED_OBJC_IMPLEMENTATIONS = YES;
				CLANG_WARN_DIRECT_OBJC_ISA_USAGE = YES_ERROR;
				CLANG_WARN_DOCUMENTATION_COMMENTS = YES;
				CLANG_WARN_EMPTY_BODY = YES;
				CLANG_WARN_ENUM_CONVERSION = YES;
				CLANG_WARN_INFINITE_RECURSION = YES;
				CLANG_WARN_INT_CONVERSION = YES;
				CLANG_WARN_NON_LITERAL_NULL_CONVERSION = YES;
				CLANG_WARN_OBJC_IMPLICIT_RETAIN_SELF = YES;
				CLANG_WARN_OBJC_LITERAL_CONVERSION = YES;
				CLANG_WARN_OBJC_ROOT_CLASS = YES_ERROR;
				CLANG_WARN_QUOTED_INCLUDE_IN_FRAMEWORK_HEADER = YES;
				CLANG_WARN_RANGE_LOOP_ANALYSIS = YES;
				CLANG_WARN_STRICT_PROTOTYPES = YES;
				CLANG_WARN_SUSPICIOUS_MOVE = YES;
				CLANG_WARN_UNGUARDED_AVAILABILITY = YES_AGGRESSIVE;
				CLANG_WARN_UNREACHABLE_CODE = YES;
				CLANG_WARN__DUPLICATE_METHOD_MATCH = YES;
				COPY_PHASE_STRIP = NO;
				DEBUG_INFORMATION_FORMAT = dwarf;
				ENABLE_STRICT_OBJC_MSGSEND = YES;
				ENABLE_TESTABILITY = YES;
				GCC_C_LANGUAGE_STANDARD = gnu11;
				GCC_DYNAMIC_NO_PIC = NO;
				GCC_NO_COMMON_BLOCKS = YES;
				GCC_OPTIMIZATION_LEVEL = 0;
				GCC_PREPROCESSOR_DEFINITIONS = (
					"DEBUG=1",
					"$(inherited)",
				);
				GCC_WARN_64_TO_32_BIT_CONVERSION = YES;
				GCC_WARN_ABOUT_RETURN_TYPE = YES_ERROR;
				GCC_WARN_UNDECLARED_SELECTOR = YES;
				GCC_WARN_UNINITIALIZED_AUTOS = YES_AGGRESSIVE;
				GCC_WARN_UNUSED_FUNCTION = YES;
				GCC_WARN_UNUSED_VARIABLE = YES;
				IPHONEOS_DEPLOYMENT_TARGET = 16.4;
				MTL_ENABLE_DEBUG_INFO = INCLUDE_SOURCE;
				MTL_FAST_MATH = YES;
				ONLY_ACTIVE_ARCH = YES;
				SDKROOT = iphoneos;
				SWIFT_ACTIVE_COMPILATION_CONDITIONS = DEBUG;
				SWIFT_OPTIMIZATION_LEVEL = "-Onone";
			};
			name = Debug;
		};
		E203551F2A2BB6620030D986 /* Release */ = {
			isa = XCBuildConfiguration;
			buildSettings = {
				ALWAYS_SEARCH_USER_PATHS = NO;
				CLANG_ANALYZER_NONNULL = YES;
				CLANG_ANALYZER_NUMBER_OBJECT_CONVERSION = YES_AGGRESSIVE;
				CLANG_CXX_LANGUAGE_STANDARD = "gnu++20";
				CLANG_ENABLE_MODULES = YES;
				CLANG_ENABLE_OBJC_ARC = YES;
				CLANG_ENABLE_OBJC_WEAK = YES;
				CLANG_WARN_BLOCK_CAPTURE_AUTORELEASING = YES;
				CLANG_WARN_BOOL_CONVERSION = YES;
				CLANG_WARN_COMMA = YES;
				CLANG_WARN_CONSTANT_CONVERSION = YES;
				CLANG_WARN_DEPRECATED_OBJC_IMPLEMENTATIONS = YES;
				CLANG_WARN_DIRECT_OBJC_ISA_USAGE = YES_ERROR;
				CLANG_WARN_DOCUMENTATION_COMMENTS = YES;
				CLANG_WARN_EMPTY_BODY = YES;
				CLANG_WARN_ENUM_CONVERSION = YES;
				CLANG_WARN_INFINITE_RECURSION = YES;
				CLANG_WARN_INT_CONVERSION = YES;
				CLANG_WARN_NON_LITERAL_NULL_CONVERSION = YES;
				CLANG_WARN_OBJC_IMPLICIT_RETAIN_SELF = YES;
				CLANG_WARN_OBJC_LITERAL_CONVERSION = YES;
				CLANG_WARN_OBJC_ROOT_CLASS = YES_ERROR;
				CLANG_WARN_QUOTED_INCLUDE_IN_FRAMEWORK_HEADER = YES;
				CLANG_WARN_RANGE_LOOP_ANALYSIS = YES;
				CLANG_WARN_STRICT_PROTOTYPES = YES;
				CLANG_WARN_SUSPICIOUS_MOVE = YES;
				CLANG_WARN_UNGUARDED_AVAILABILITY = YES_AGGRESSIVE;
				CLANG_WARN_UNREACHABLE_CODE = YES;
				CLANG_WARN__DUPLICATE_METHOD_MATCH = YES;
				COPY_PHASE_STRIP = NO;
				DEBUG_INFORMATION_FORMAT = "dwarf-with-dsym";
				ENABLE_NS_ASSERTIONS = NO;
				ENABLE_STRICT_OBJC_MSGSEND = YES;
				GCC_C_LANGUAGE_STANDARD = gnu11;
				GCC_NO_COMMON_BLOCKS = YES;
				GCC_WARN_64_TO_32_BIT_CONVERSION = YES;
				GCC_WARN_ABOUT_RETURN_TYPE = YES_ERROR;
				GCC_WARN_UNDECLARED_SELECTOR = YES;
				GCC_WARN_UNINITIALIZED_AUTOS = YES_AGGRESSIVE;
				GCC_WARN_UNUSED_FUNCTION = YES;
				GCC_WARN_UNUSED_VARIABLE = YES;
				IPHONEOS_DEPLOYMENT_TARGET = 16.4;
				MTL_ENABLE_DEBUG_INFO = NO;
				MTL_FAST_MATH = YES;
				SDKROOT = iphoneos;
				SWIFT_COMPILATION_MODE = wholemodule;
				SWIFT_OPTIMIZATION_LEVEL = "-O";
				VALIDATE_PRODUCT = YES;
			};
			name = Release;
		};
		E20355212A2BB6620030D986 /* Debug */ = {
			isa = XCBuildConfiguration;
			buildSettings = {
				ASSETCATALOG_COMPILER_APPICON_NAME = AppIcon;
				ASSETCATALOG_COMPILER_GLOBAL_ACCENT_COLOR_NAME = AccentColor;
				CODE_SIGN_STYLE = Automatic;
				CURRENT_PROJECT_VERSION = 1;
				DEVELOPMENT_ASSET_PATHS = "\"TrimMate/Preview Content\"";
				DEVELOPMENT_TEAM = NYP6NH36S6;
				ENABLE_PREVIEWS = YES;
				GENERATE_INFOPLIST_FILE = YES;
				INFOPLIST_KEY_UIApplicationSceneManifest_Generation = YES;
				INFOPLIST_KEY_UIApplicationSupportsIndirectInputEvents = YES;
				INFOPLIST_KEY_UILaunchScreen_Generation = YES;
				INFOPLIST_KEY_UISupportedInterfaceOrientations_iPad = "UIInterfaceOrientationPortrait UIInterfaceOrientationPortraitUpsideDown UIInterfaceOrientationLandscapeLeft UIInterfaceOrientationLandscapeRight";
				INFOPLIST_KEY_UISupportedInterfaceOrientations_iPhone = "UIInterfaceOrientationPortrait UIInterfaceOrientationLandscapeLeft UIInterfaceOrientationLandscapeRight";
				LD_RUNPATH_SEARCH_PATHS = (
					"$(inherited)",
					"@executable_path/Frameworks",
				);
				MARKETING_VERSION = 1.0;
				PRODUCT_BUNDLE_IDENTIFIER = irvan.TrimMate;
				PRODUCT_NAME = "$(TARGET_NAME)";
				SWIFT_EMIT_LOC_STRINGS = YES;
				SWIFT_VERSION = 5.0;
				TARGETED_DEVICE_FAMILY = "1,2";
			};
			name = Debug;
		};
		E20355222A2BB6620030D986 /* Release */ = {
			isa = XCBuildConfiguration;
			buildSettings = {
				ASSETCATALOG_COMPILER_APPICON_NAME = AppIcon;
				ASSETCATALOG_COMPILER_GLOBAL_ACCENT_COLOR_NAME = AccentColor;
				CODE_SIGN_STYLE = Automatic;
				CURRENT_PROJECT_VERSION = 1;
				DEVELOPMENT_ASSET_PATHS = "\"TrimMate/Preview Content\"";
				DEVELOPMENT_TEAM = NYP6NH36S6;
				ENABLE_PREVIEWS = YES;
				GENERATE_INFOPLIST_FILE = YES;
				INFOPLIST_KEY_UIApplicationSceneManifest_Generation = YES;
				INFOPLIST_KEY_UIApplicationSupportsIndirectInputEvents = YES;
				INFOPLIST_KEY_UILaunchScreen_Generation = YES;
				INFOPLIST_KEY_UISupportedInterfaceOrientations_iPad = "UIInterfaceOrientationPortrait UIInterfaceOrientationPortraitUpsideDown UIInterfaceOrientationLandscapeLeft UIInterfaceOrientationLandscapeRight";
				INFOPLIST_KEY_UISupportedInterfaceOrientations_iPhone = "UIInterfaceOrientationPortrait UIInterfaceOrientationLandscapeLeft UIInterfaceOrientationLandscapeRight";
				LD_RUNPATH_SEARCH_PATHS = (
					"$(inherited)",
					"@executable_path/Frameworks",
				);
				MARKETING_VERSION = 1.0;
				PRODUCT_BUNDLE_IDENTIFIER = irvan.TrimMate;
				PRODUCT_NAME = "$(TARGET_NAME)";
				SWIFT_EMIT_LOC_STRINGS = YES;
				SWIFT_VERSION = 5.0;
				TARGETED_DEVICE_FAMILY = "1,2";
			};
			name = Release;
		};
/* End XCBuildConfiguration section */

/* Begin XCConfigurationList section */
		E203550D2A2BB6620030D986 /* Build configuration list for PBXProject "TrimMate" */ = {
			isa = XCConfigurationList;
			buildConfigurations = (
				E203551E2A2BB6620030D986 /* Debug */,
				E203551F2A2BB6620030D986 /* Release */,
			);
			defaultConfigurationIsVisible = 0;
			defaultConfigurationName = Release;
		};
		E20355202A2BB6620030D986 /* Build configuration list for PBXNativeTarget "TrimMate" */ = {
			isa = XCConfigurationList;
			buildConfigurations = (
				E20355212A2BB6620030D986 /* Debug */,
				E20355222A2BB6620030D986 /* Release */,
			);
			defaultConfigurationIsVisible = 0;
			defaultConfigurationName = Release;
		};
/* End XCConfigurationList section */
	};
	rootObject = E203550A2A2BB6620030D986 /* Project object */;
}
